
Microsoft Visual Studio Solution File, Format Version 12.00
# Visual Studio Version 17
VisualStudioVersion = 17.12.35707.178
MinimumVisualStudioVersion = 10.0.40219.1
Project("{FAE04EC0-301F-11D3-BF4B-00C04F79EFBC}") = "EasyRentProj", "EasyRentProj.csproj", "{CE9FE289-F593-4CFD-BC76-BE18B81A9203}"
EndProject
Project("{2150E333-8FDC-42A3-9474-1A3956D46DE8}") = "Projektmappenelemente", "Projektmappenelemente", "{173CB8CB-354A-427D-B432-11C6578E412E}"
	ProjectSection(SolutionItems) = preProject
		Data.db = Data.db
	EndProjectSection
EndProject
Global
	GlobalSection(SolutionConfigurationPlatforms) = preSolution
		Debug|Any CPU = Debug|Any CPU
		Release|Any CPU = Release|Any CPU
	EndGlobalSection
	GlobalSection(ProjectConfigurationPlatforms) = postSolution
		{CE9FE289-F593-4CFD-BC76-BE18B81A9203}.Debug|Any CPU.ActiveCfg = Debug|Any CPU
		{CE9FE289-F593-4CFD-BC76-BE18B81A9203}.Debug|Any CPU.Build.0 = Debug|Any CPU
		{CE9FE289-F593-4CFD-BC76-BE18B81A9203}.Release|Any CPU.ActiveCfg = Release|Any CPU
		{CE9FE289-F593-4CFD-BC76-BE18B81A9203}.Release|Any CPU.Build.0 = Release|Any CPU
	EndGlobalSection
	GlobalSection(SolutionProperties) = preSolution
		HideSolutionNode = FALSE
	EndGlobalSection
EndGlobal
